
Microsoft Visual Studio Solution File, Format Version 12.00
# Visual Studio 15
VisualStudioVersion = 15.0.26430.6
MinimumVisualStudioVersion = 10.0.40219.1
Project("{FAE04EC0-301F-11D3-BF4B-00C04F79EFBC}") = "TrafficRecorder", "TrafficRecorder\TrafficRecorder.csproj", "{9A033E66-A9FC-49AD-8845-CFA5147CC641}"
EndProject
Project("{FAE04EC0-301F-11D3-BF4B-00C04F79EFBC}") = "BingMapsRESTToolkit", "..\..\..\..\..\..\GitRoot\BingMapsRESTToolkit\Source\BingMapsRESTToolkit.csproj", "{AC15CCAC-63B7-43EB-A1CB-25925F04398B}"
EndProject
Global
	GlobalSection(SolutionConfigurationPlatforms) = preSolution
		Debug|Any CPU = Debug|Any CPU
		Release|Any CPU = Release|Any CPU
	EndGlobalSection
	GlobalSection(ProjectConfigurationPlatforms) = postSolution
		{9A033E66-A9FC-49AD-8845-CFA5147CC641}.Debug|Any CPU.ActiveCfg = Debug|Any CPU
		{9A033E66-A9FC-49AD-8845-CFA5147CC641}.Debug|Any CPU.Build.0 = Debug|Any CPU
		{9A033E66-A9FC-49AD-8845-CFA5147CC641}.Release|Any CPU.ActiveCfg = Release|Any CPU
		{9A033E66-A9FC-49AD-8845-CFA5147CC641}.Release|Any CPU.Build.0 = Release|Any CPU
		{AC15CCAC-63B7-43EB-A1CB-25925F04398B}.Debug|Any CPU.ActiveCfg = Debug|Any CPU
		{AC15CCAC-63B7-43EB-A1CB-25925F04398B}.Debug|Any CPU.Build.0 = Debug|Any CPU
		{AC15CCAC-63B7-43EB-A1CB-25925F04398B}.Release|Any CPU.ActiveCfg = Release|Any CPU
		{AC15CCAC-63B7-43EB-A1CB-25925F04398B}.Release|Any CPU.Build.0 = Release|Any CPU
	EndGlobalSection
	GlobalSection(SolutionProperties) = preSolution
		HideSolutionNode = FALSE
	EndGlobalSection
EndGlobal
